
Microsoft Visual Studio Solution File, Format Version 11.00
# Visual Studio 2010
Project("{FAE04EC0-301F-11D3-BF4B-00C04F79EFBC}") = "CloudFoundryRemote", "CloudFoundryRemote\CloudFoundryRemote.csproj", "{2AE20A88-5C8C-4808-B78E-547BFA46F883}"
EndProject
Global
	GlobalSection(SolutionConfigurationPlatforms) = preSolution
		Debug|iPhoneSimulator = Debug|iPhoneSimulator
		Release|iPhoneSimulator = Release|iPhoneSimulator
		Debug|iPhone = Debug|iPhone
		Release|iPhone = Release|iPhone
		Ad-Hoc|iPhone = Ad-Hoc|iPhone
		AppStore|iPhone = AppStore|iPhone
	EndGlobalSection
	GlobalSection(ProjectConfigurationPlatforms) = postSolution
		{2AE20A88-5C8C-4808-B78E-547BFA46F883}.Ad-Hoc|iPhone.ActiveCfg = Ad-Hoc|iPhone
		{2AE20A88-5C8C-4808-B78E-547BFA46F883}.Ad-Hoc|iPhone.Build.0 = Ad-Hoc|iPhone
		{2AE20A88-5C8C-4808-B78E-547BFA46F883}.AppStore|iPhone.ActiveCfg = AppStore|iPhone
		{2AE20A88-5C8C-4808-B78E-547BFA46F883}.AppStore|iPhone.Build.0 = AppStore|iPhone
		{2AE20A88-5C8C-4808-B78E-547BFA46F883}.Debug|iPhone.ActiveCfg = Debug|iPhone
		{2AE20A88-5C8C-4808-B78E-547BFA46F883}.Debug|iPhone.Build.0 = Debug|iPhone
		{2AE20A88-5C8C-4808-B78E-547BFA46F883}.Debug|iPhoneSimulator.ActiveCfg = Debug|iPhoneSimulator
		{2AE20A88-5C8C-4808-B78E-547BFA46F883}.Debug|iPhoneSimulator.Build.0 = Debug|iPhoneSimulator
		{2AE20A88-5C8C-4808-B78E-547BFA46F883}.Release|iPhone.ActiveCfg = Release|iPhone
		{2AE20A88-5C8C-4808-B78E-547BFA46F883}.Release|iPhone.Build.0 = Release|iPhone
		{2AE20A88-5C8C-4808-B78E-547BFA46F883}.Release|iPhoneSimulator.ActiveCfg = Release|iPhoneSimulator
		{2AE20A88-5C8C-4808-B78E-547BFA46F883}.Release|iPhoneSimulator.Build.0 = Release|iPhoneSimulator
	EndGlobalSection
	GlobalSection(MonoDevelopProperties) = preSolution
		StartupItem = CloudFoundryRemote\CloudFoundryRemote.csproj
	EndGlobalSection
EndGlobal
